
Microsoft Visual Studio Solution File, Format Version 12.00
# Visual Studio Version 17
VisualStudioVersion = 17.3.32825.248
MinimumVisualStudioVersion = 10.0.40219.1
Project("{FAE04EC0-301F-11D3-BF4B-00C04F79EFBC}") = "Cakes", "Cakes\Cakes.csproj", "{66D903D6-87C9-48E1-A390-109921E24347}"
EndProject
Global
	GlobalSection(SolutionConfigurationPlatforms) = preSolution
		Debug|Any CPU = Debug|Any CPU
		Release|Any CPU = Release|Any CPU
	EndGlobalSection
	GlobalSection(ProjectConfigurationPlatforms) = postSolution
		{66D903D6-87C9-48E1-A390-109921E24347}.Debug|Any CPU.ActiveCfg = Debug|Any CPU
		{66D903D6-87C9-48E1-A390-109921E24347}.Debug|Any CPU.Build.0 = Debug|Any CPU
		{66D903D6-87C9-48E1-A390-109921E24347}.Release|Any CPU.ActiveCfg = Release|Any CPU
		{66D903D6-87C9-48E1-A390-109921E24347}.Release|Any CPU.Build.0 = Release|Any CPU
	EndGlobalSection
	GlobalSection(SolutionProperties) = preSolution
		HideSolutionNode = FALSE
	EndGlobalSection
	GlobalSection(ExtensibilityGlobals) = postSolution
		SolutionGuid = {71DF9ED0-FEAE-458E-9635-1B916AEA4120}
	EndGlobalSection
EndGlobal
